{
  "lockfileVersion": 1,
  "configVersion": 1,
  "workspaces": {
    "": {
      "name": "aaai-reader",
      "dependencies": {
        "@hpcc-js/wasm": "^2.34.2",
        "@mdit/plugin-katex": "^0.25.2",
        "@retorquere/bibtex-parser": "^10.0.0",
        "katex": "^0.17.0",
        "latere-ui": "github:latere-ai/latere-ui#ab8cc428cff87865eebc57d5727452b65e09d969",
        "markdown-it": "^14.2.0",
        "markdown-it-attrs": "^5.0.0",
        "react": "^19.0.0",
        "react-dom": "^19.0.0",
        "yaml": "^2.9.0",
      },
      "devDependencies": {
        "@types/markdown-it": "^14.1.2",
        "@types/react": "^19.0.0",
        "@types/react-dom": "^19.0.0",
        "bun-types": "^1.3.14",
        "pinyin-pro": "^3.28.1",
        "typescript": "^5.7.0",
      },
    },
  },
  "packages": {
    "@babel/helper-string-parser": ["@babel/helper-string-parser@7.29.7", "", {}, "sha512-Pb5ijPrZ89GDH8223L4UP8i6QApWxs04RbPQJTeWDV0/keR2E36MeKnyr6LYmUUvqRRI+Iv87SuF1W6ErINzYw=="],

    "@babel/helper-validator-identifier": ["@babel/helper-validator-identifier@7.29.7", "", {}, "sha512-qehxGkRj55h/ff8EMaJ+cYhyaKlHIxqYDn682wQD7RNp9UujOQsHog2uS0r2vzr4pW+sXf90NeeayjcNaX3fFg=="],

    "@babel/parser": ["@babel/parser@7.29.9", "", { "dependencies": { "@babel/types": "^7.29.8" }, "bin": "./bin/babel-parser.js" }, "sha512-CjXrNHTnvqBVqHgdBysY3vk2T8tpJHb5/RMeHJBTyVa9xgugCB0CJTx/3oO8RV2QRQP391RWpB7D6hLjm8V9uA=="],

    "@babel/types": ["@babel/types@7.29.8", "", { "dependencies": { "@babel/helper-string-parser": "^7.29.7", "@babel/helper-validator-identifier": "^7.29.7" } }, "sha512-Vj1jF3cPfxg7OAfoI7QnVKLoILlm2JF9pnVHrX8qx7AHMiYWT+NDAA7jChlNgRS4WTLc/fD1lXLmPixluj+3Gg=="],

    "@hpcc-js/wasm": ["@hpcc-js/wasm@2.34.2", "", { "dependencies": { "yargs": "18.0.0" }, "bin": { "dot-wasm": "deprecated/dot-wasm.js" } }, "sha512-E96aDBuxYPsMu88ldvj7ONUHxxiyJ9lGdUKeWQrZNiQFUTcZ+mgRzt16CvbsXeb6wv22ab0OOhBIYv5kFqwMgw=="],

    "@jridgewell/sourcemap-codec": ["@jridgewell/sourcemap-codec@1.6.0", "", {}, "sha512-T7jf+5zgsZHwNJ4lvQ7/aezbyk0nNX+zJVWpmHA7VYsEx7a7qr5Rg5IbtJFqkgze5Y2sruq1RUY8Q837Od7iFw=="],

    "@mdit/helper": ["@mdit/helper@0.23.2", "", { "dependencies": { "@types/markdown-it": "^14.1.2" }, "peerDependencies": { "markdown-it": "^14.1.0" }, "optionalPeers": ["markdown-it"] }, "sha512-w4oja7kZYnkSiodfn4Neg1gmlIkvQtmCBJTLvLFOaET7xt8KomDNPQeumpGobQ9dWkXFqBKHlxjTYgroPH+CvA=="],

    "@mdit/plugin-katex": ["@mdit/plugin-katex@0.25.2", "", { "dependencies": { "@mdit/helper": "0.23.2", "@mdit/plugin-tex": "0.24.2", "@types/markdown-it": "^14.1.2", "katex": "^0.16.44" }, "peerDependencies": { "markdown-it": "^14.1.0" }, "optionalPeers": ["markdown-it"] }, "sha512-r7nKvngZP2XXVGsYIXZt4UNxhTAxwSbLSXQtW445nJGhcp0ZrWmdPoz3AFZAX5x51inARab/lnZhD3uq01V5Yg=="],

    "@mdit/plugin-tex": ["@mdit/plugin-tex@0.24.2", "", { "dependencies": { "@types/markdown-it": "^14.1.2" }, "peerDependencies": { "markdown-it": "^14.1.0" }, "optionalPeers": ["markdown-it"] }, "sha512-nVKIJHQJHvgDByKMpCgFT6gdeEZUyzZby24BjCjxP2N10bkgK8IEwZIBu7G5n5WBw2D0kmFD4Top+YA2mjeiQQ=="],

    "@opentelemetry/api": ["@opentelemetry/api@1.9.1", "", {}, "sha512-gLyJlPHPZYdAk1JENA9LeHejZe1Ti77/pTeFm/nMXmQH/HFZlcS/O2XJB+L8fkbrNSqhdtlvjBVjxwUYanNH5Q=="],

    "@opentelemetry/api-logs": ["@opentelemetry/api-logs@0.218.0", "", { "dependencies": { "@opentelemetry/api": "^1.3.0" } }, "sha512-fmEWp5kXlGEc3i/lR698Hz41DfGyN4Tbe4g7L1AxSc7fF8Xeh/FQ9Quqpa9dVA413Q1Ad43QOLzU4JoXgbFPWw=="],

    "@opentelemetry/core": ["@opentelemetry/core@2.7.1", "", { "dependencies": { "@opentelemetry/semantic-conventions": "^1.29.0" }, "peerDependencies": { "@opentelemetry/api": ">=1.0.0 <1.10.0" } }, "sha512-QAqIj32AtK6+pEVNG7EOVxHdE06RP+FM5qpiEJ4RtDcFIqKUZHYhl7/7UY5efhwmwNAg7j8QbJVBLxMerc0+gw=="],

    "@opentelemetry/exporter-trace-otlp-http": ["@opentelemetry/exporter-trace-otlp-http@0.218.0", "", { "dependencies": { "@opentelemetry/core": "2.7.1", "@opentelemetry/otlp-exporter-base": "0.218.0", "@opentelemetry/otlp-transformer": "0.218.0", "@opentelemetry/resources": "2.7.1", "@opentelemetry/sdk-trace-base": "2.7.1" }, "peerDependencies": { "@opentelemetry/api": "^1.3.0" } }, "sha512-8dqezsmPhtKitIK/eTipZhYl9EX2/gNQ5zUMhaz3uxEURwfkNf8IPvo6yNfrzbxdtpAOybS/+h7wmIWYqFSpiw=="],

    "@opentelemetry/instrumentation": ["@opentelemetry/instrumentation@0.218.0", "", { "dependencies": { "@opentelemetry/api-logs": "0.218.0", "import-in-the-middle": "^3.0.0", "require-in-the-middle": "^8.0.0" }, "peerDependencies": { "@opentelemetry/api": "^1.3.0" } }, "sha512-mIZil8Es+sYDK5m+DQiwAwF57F14TF2YlEqvIjZ/RQWcxDBwRGsKfdK2Tv65OU9meQKCMzSIFS9mxAcnAb6Bkg=="],

    "@opentelemetry/instrumentation-document-load": ["@opentelemetry/instrumentation-document-load@0.63.0", "", { "dependencies": { "@opentelemetry/core": "^2.0.0", "@opentelemetry/instrumentation": "^0.218.0", "@opentelemetry/sdk-trace-web": "^2.0.0", "@opentelemetry/semantic-conventions": "^1.23.0" }, "peerDependencies": { "@opentelemetry/api": "^1.3.0" } }, "sha512-eVQ2IcDeWFMLgnmeVGvgGSMIdomrEat56fDfA9jXYExgr/1xClO0MpHKDDfInGV2o6STtzarcrsBgwrnV8cm7w=="],

    "@opentelemetry/instrumentation-fetch": ["@opentelemetry/instrumentation-fetch@0.218.0", "", { "dependencies": { "@opentelemetry/core": "2.7.1", "@opentelemetry/instrumentation": "0.218.0", "@opentelemetry/sdk-trace-web": "2.7.1", "@opentelemetry/semantic-conventions": "^1.29.0" }, "peerDependencies": { "@opentelemetry/api": "^1.3.0" } }, "sha512-eP/Y5hDupb+6MwZSaMw4ZdsDz8YgfJbJ4Ta86BMVeOmI2EArwXcd0v1nfNIvUzXTPi7nakidwqeuUa3FwRwECg=="],

    "@opentelemetry/instrumentation-xml-http-request": ["@opentelemetry/instrumentation-xml-http-request@0.218.0", "", { "dependencies": { "@opentelemetry/core": "2.7.1", "@opentelemetry/instrumentation": "0.218.0", "@opentelemetry/sdk-trace-web": "2.7.1", "@opentelemetry/semantic-conventions": "^1.29.0" }, "peerDependencies": { "@opentelemetry/api": "^1.3.0" } }, "sha512-KzqSO62lTiqbT1ihKbbdJSt6A3TngIkacHJHi0SNUJmlpS0/Jg8Sn8kneKffQGjjpScODjZJ6LLs640zWlOGIg=="],

    "@opentelemetry/otlp-exporter-base": ["@opentelemetry/otlp-exporter-base@0.218.0", "", { "dependencies": { "@opentelemetry/core": "2.7.1", "@opentelemetry/otlp-transformer": "0.218.0" }, "peerDependencies": { "@opentelemetry/api": "^1.3.0" } }, "sha512-ZwqpkNL5W7RyGJPDZ9g06DvKp8KFTWPJPN12anpMQYSKpTSU0z3EIZuPq9vPGpS8siFyOqDYDAuCwlNO9FqgbA=="],

    "@opentelemetry/otlp-transformer": ["@opentelemetry/otlp-transformer@0.218.0", "", { "dependencies": { "@opentelemetry/api-logs": "0.218.0", "@opentelemetry/core": "2.7.1", "@opentelemetry/resources": "2.7.1", "@opentelemetry/sdk-logs": "0.218.0", "@opentelemetry/sdk-metrics": "2.7.1", "@opentelemetry/sdk-trace-base": "2.7.1" }, "peerDependencies": { "@opentelemetry/api": "^1.3.0" } }, "sha512-CFaKH87WAzjuJ4awowTTLzUvMfaRfiOFG5+qm5S5ncyalRtN4ecQ+YmuANJSCrVPuvZFEkUgKhBPBndxi3rHsQ=="],

    "@opentelemetry/resources": ["@opentelemetry/resources@2.7.1", "", { "dependencies": { "@opentelemetry/core": "2.7.1", "@opentelemetry/semantic-conventions": "^1.29.0" }, "peerDependencies": { "@opentelemetry/api": ">=1.3.0 <1.10.0" } }, "sha512-DeT6KKolmC4e/dRQvMQ/RwlnzhaqeiFOXY5ngoOPJ07GgVVKxZOg9EcrNZb5aTzUn+iCrJldAgOfQm1O/QfPAQ=="],

    "@opentelemetry/sdk-logs": ["@opentelemetry/sdk-logs@0.218.0", "", { "dependencies": { "@opentelemetry/api-logs": "0.218.0", "@opentelemetry/core": "2.7.1", "@opentelemetry/resources": "2.7.1", "@opentelemetry/semantic-conventions": "^1.29.0" }, "peerDependencies": { "@opentelemetry/api": ">=1.4.0 <1.10.0" } }, "sha512-QvnNdugatFTVCJXH0Mcu7GOOJSylA9j127kIezOE4YwTI4YbowRons2K4WZTv5FMS8T4q9P0NdaRHdkSmeAIag=="],

    "@opentelemetry/sdk-metrics": ["@opentelemetry/sdk-metrics@2.7.1", "", { "dependencies": { "@opentelemetry/core": "2.7.1", "@opentelemetry/resources": "2.7.1" }, "peerDependencies": { "@opentelemetry/api": ">=1.9.0 <1.10.0" } }, "sha512-MpDJdkiFDs3Pm1RHO3KByuZbuBdJEXEAkiC0+yJdsZGVCdf1RpHR6n+LHDcS7ffmfrt5kVCzJSCfm4z2C7v0uQ=="],

    "@opentelemetry/sdk-trace-base": ["@opentelemetry/sdk-trace-base@2.7.1", "", { "dependencies": { "@opentelemetry/core": "2.7.1", "@opentelemetry/resources": "2.7.1", "@opentelemetry/semantic-conventions": "^1.29.0" }, "peerDependencies": { "@opentelemetry/api": ">=1.3.0 <1.10.0" } }, "sha512-NAYIlsF8MPUsKqJMiDQJTMPOmlbawC1Iz/omMLygZ1C9am8fTKYjTaI+OZM+WTY3t3Glo0wnOg/6/pac6RGPPw=="],

    "@opentelemetry/sdk-trace-web": ["@opentelemetry/sdk-trace-web@2.7.1", "", { "dependencies": { "@opentelemetry/core": "2.7.1", "@opentelemetry/sdk-trace-base": "2.7.1" }, "peerDependencies": { "@opentelemetry/api": ">=1.0.0 <1.10.0" } }, "sha512-K806OouCSOjMd8Nr7+ZCq3QT22tdAzzS/7h8vprfiKjkgFQ99/dvwU8d12WJANA6D5Qtme65hyBAqAu9CkQuxQ=="],

    "@opentelemetry/semantic-conventions": ["@opentelemetry/semantic-conventions@1.43.0", "", {}, "sha512-eSYWTm620tTk45EKSedaUL8MFYI8hW164hIXsgIHyxu3VobUB3fFCu5t0hQby6OoWRPsG1KkKUG2M5UadiLiVg=="],

    "@pomgui/deep": ["@pomgui/deep@3.0.3", "", {}, "sha512-xTLqLKASCb3OkM/tySjESKAhXGQt5pp/MPGDmMh21wuGHFnMU2VriIs1tIT9KPoJsS70PxOCGogrvD8OKojdmg=="],

    "@retorquere/bibtex-parser": ["@retorquere/bibtex-parser@10.0.0", "", { "dependencies": { "@unified-latex/unified-latex-util-pegjs": "^1.8.4", "@unified-latex/unified-latex-util-print-raw": "^1.8.4", "@unified-latex/unified-latex-util-replace": "^1.8.4", "@unified-latex/unified-latex-util-visit": "^1.8.4", "i": "^0.3.7", "lodash.merge": "^4.6.2", "moo": "^0.5.3", "nearley": "^2.20.1", "unicode2latex": "^7.0.30", "wink-eng-lite-web-model": "^1.8.1", "wink-nlp": "^2.4.0" } }, "sha512-1rAGZ1RcgLJN5f6m8utgNJWlahmbiUEJuVZ2ILsQRCtNldDNE9/hdsXWhe25czHpyORjvVefImJeZJPqD8LZEQ=="],

    "@types/linkify-it": ["@types/linkify-it@5.0.0", "", {}, "sha512-sVDA58zAw4eWAffKOaQH5/5j3XeayukzDk+ewSsnv3p4yJEZHCCzMDiZM8e0OUrRvmpGZ85jf4yDHkHsgBNr9Q=="],

    "@types/markdown-it": ["@types/markdown-it@14.1.2", "", { "dependencies": { "@types/linkify-it": "^5", "@types/mdurl": "^2" } }, "sha512-promo4eFwuiW+TfGxhi+0x3czqTYJkG8qB17ZUJiVF10Xm7NLVRSLUsfRTU/6h1e24VvRnXCx+hG7li58lkzog=="],

    "@types/mdurl": ["@types/mdurl@2.0.0", "", {}, "sha512-RGdgjQUZba5p6QEFAVx2OGb8rQDL/cPRG7GiedRzMcJ1tYnUANBncjbSB1NRGwbvjcPeikRABz2nshyPk1bhWg=="],

    "@types/node": ["@types/node@26.0.0", "", { "dependencies": { "undici-types": "~8.3.0" } }, "sha512-vf2YFi1iY9lHGwNJMs01biZFbKJkrZR1T6/MlzjhJLPdntOHLhTrDSnSVcdtvjihi4VQNlrFRIxLsDBlQpAipA=="],

    "@types/react": ["@types/react@19.2.17", "", { "dependencies": { "csstype": "^3.2.2" } }, "sha512-MXfmqaVPEVgkBT/aY0aGCkRWWtByiYQXo3xdQ8r5RzuFrPiRn8Gar2tQdXSUQ2GKV3bkXckek89V8wQBY2Q/Aw=="],

    "@types/react-dom": ["@types/react-dom@19.2.3", "", { "peerDependencies": { "@types/react": "^19.2.0" } }, "sha512-jp2L/eY6fn+KgVVQAOqYItbF0VY/YApe5Mz2F0aykSO8gx31bYCZyvSeYxCHKvzHG5eZjc+zyaS5BrBWya2+kQ=="],

    "@types/unist": ["@types/unist@2.0.11", "", {}, "sha512-CmBKiL6NNo/OqgmMn95Fk9Whlp2mtvIv+KNpQKN2F4SjvrEesubTRWGYSg+BnWZOnlCaSTU1sMpsBOzgbYhnsA=="],

    "@unified-latex/unified-latex-types": ["@unified-latex/unified-latex-types@1.8.4", "", {}, "sha512-nQ6YS4WYVOA89qdmxw57vl3KfmRGFHGTyLsw9LxCC7DSE6oma3rvXIGjBDUe7E3bgWocBqRITPcz25VqCRlFzA=="],

    "@unified-latex/unified-latex-util-match": ["@unified-latex/unified-latex-util-match@1.8.4", "", { "dependencies": { "@unified-latex/unified-latex-types": "^1.8.4", "@unified-latex/unified-latex-util-print-raw": "^1.8.4" } }, "sha512-wYhTER8i3THQcTYjSufCr8IC0TxguN3dj3h0EFAVneZQ/FIqi/kbvvtPaI0u8mtQLuBDGfhftBy7PvuK9TSG3w=="],

    "@unified-latex/unified-latex-util-pegjs": ["@unified-latex/unified-latex-util-pegjs@1.8.4", "", { "dependencies": { "@unified-latex/unified-latex-types": "^1.8.4", "@unified-latex/unified-latex-util-match": "^1.8.4" } }, "sha512-5PTvl2zTK25+Dy8SMpqq6Nf9k1gvr89fS7rR3hB8vi/KjA9AfXGQbiYOcwTfN8O5lpoKJeOuXw6hhaSlTpRaMQ=="],

    "@unified-latex/unified-latex-util-print-raw": ["@unified-latex/unified-latex-util-print-raw@1.8.4", "", { "dependencies": { "@unified-latex/unified-latex-types": "^1.8.4" } }, "sha512-35hce9A8frQvEp5cM5avPpLMCUs8OIzhR3OZr4TjMJI/Lsj4wu6Tv9h2XQpxDmg8ofOtxn2UEWB19Wld9fgRvw=="],

    "@unified-latex/unified-latex-util-replace": ["@unified-latex/unified-latex-util-replace@1.8.4", "", { "dependencies": { "@unified-latex/unified-latex-types": "^1.8.4", "@unified-latex/unified-latex-util-match": "^1.8.4", "@unified-latex/unified-latex-util-split": "^1.8.4", "@unified-latex/unified-latex-util-trim": "^1.8.4", "@unified-latex/unified-latex-util-visit": "^1.8.4", "unified": "^10.1.2" } }, "sha512-9T2U11L6gihcoCul+xxwQOQrG3b8y5EcXvNXAV5U4c9GkLesvEEQ7wgyVtYtEDHIzFFL6p0Bc60XyWTn8VD3Qw=="],

    "@unified-latex/unified-latex-util-split": ["@unified-latex/unified-latex-util-split@1.8.4", "", { "dependencies": { "@unified-latex/unified-latex-types": "^1.8.4", "@unified-latex/unified-latex-util-match": "^1.8.4" } }, "sha512-EZm92GRiOLcJeH/HFfh1unH+BBBGHOlvgjzIvG5I5XofLWj/Y2lwX2aPbNfrT/nmjKrujcUqPVAQPS8U2ydnpg=="],

    "@unified-latex/unified-latex-util-trim": ["@unified-latex/unified-latex-util-trim@1.8.4", "", { "dependencies": { "@unified-latex/unified-latex-types": "^1.8.4", "@unified-latex/unified-latex-util-match": "^1.8.4", "@unified-latex/unified-latex-util-visit": "^1.8.4", "unified": "^10.1.2" } }, "sha512-Da6vw1XyFxj1uk2p5cxOJXRMVhM/HEaf0SG8R+G1XUEJOmglicSoJOqRIAkpDrLOBZLebAiiXWmjbtIQzbhKkQ=="],

    "@unified-latex/unified-latex-util-visit": ["@unified-latex/unified-latex-util-visit@1.8.4", "", { "dependencies": { "@unified-latex/unified-latex-types": "^1.8.4", "@unified-latex/unified-latex-util-match": "^1.8.4" } }, "sha512-m5O9evxr/kiX1awZAcwUQL+8slVvlWlkbZoKFDP1agrp3dpk7+69npqyoapKKJEK0B4uRYmv93Ho31oHgNoJrg=="],

    "@vue/compiler-core": ["@vue/compiler-core@3.5.43", "", { "dependencies": { "@babel/parser": "^7.29.8", "@vue/shared": "3.5.43", "entities": "^7.0.1", "estree-walker": "^2.0.2", "source-map-js": "^1.2.1" } }, "sha512-zdiLhnbe1QQqgDT8xZMpNmyqZ3qlI+/Q/FHQco57Kwl/b05HhCzN6eVGN9QU9rbga4CrS0H5SYY8VGHZCt/1Hg=="],

    "@vue/compiler-dom": ["@vue/compiler-dom@3.5.43", "", { "dependencies": { "@vue/compiler-core": "3.5.43", "@vue/shared": "3.5.43" } }, "sha512-PEZoAk3NQmsn/ejMzSOCyTYqwGqczrWm70PuhBKjjv1+TCoQAaO/zOqNwjV+honlNstT5ILxtc+8r8UUfj+iEQ=="],

    "@vue/compiler-sfc": ["@vue/compiler-sfc@3.5.43", "", { "dependencies": { "@babel/parser": "^7.29.8", "@vue/compiler-core": "3.5.43", "@vue/compiler-dom": "3.5.43", "@vue/compiler-ssr": "3.5.43", "@vue/shared": "3.5.43", "estree-walker": "^2.0.2", "magic-string": "^0.30.21", "postcss": "^8.5.28", "source-map-js": "^1.2.1" } }, "sha512-FCbrG3XNCRl+js3huuKx4IVHBLTvMkJhVepjbxSPu1gn4yWLaYtGNQdjJGZaMytXB6qb76qQDDmDSLy/vkmleQ=="],

    "@vue/compiler-ssr": ["@vue/compiler-ssr@3.5.43", "", { "dependencies": { "@vue/compiler-dom": "3.5.43", "@vue/shared": "3.5.43" } }, "sha512-GF62orf7KiJX9RqrHNGrYBudsQGD0OhJ5nDs90O8UiDuS40+YMYomiXu6w6EuvtXuRDc3MSNis3EaaSKAVSWpg=="],

    "@vue/devtools-api": ["@vue/devtools-api@7.7.10", "", { "dependencies": { "@vue/devtools-kit": "^7.7.10" } }, "sha512-KxtEpUOOpFz/qOGRrAwA36QF7DqIA+FXgCYit9mk9wjbaZt0sXOFz81ElOZtKA4HbWHUdwNjZHBFsFFyp5BZiA=="],

    "@vue/devtools-kit": ["@vue/devtools-kit@7.7.10", "", { "dependencies": { "@vue/devtools-shared": "^7.7.10", "birpc": "^2.3.0", "hookable": "^5.5.3", "mitt": "^3.0.1", "perfect-debounce": "^1.0.0", "speakingurl": "^14.0.1", "superjson": "^2.2.2" } }, "sha512-3WNi2Kq4tbpVbmhml7RiphmAt0279oh3fKNeWMQIrltfX8Q91b4i5PL8DtyNKdwmcsGrV4fg+erwWOmD05CLIw=="],

    "@vue/devtools-shared": ["@vue/devtools-shared@7.7.10", "", { "dependencies": { "rfdc": "^1.4.1" } }, "sha512-wOPslzB8vTvpxwdaOcR2qAbwmuSP0L+rhpoC6Cf56V3Jip+HWb7PQQXOUPgBNQARpXsbQX/+mvi8kKucmBGRwQ=="],

    "@vue/reactivity": ["@vue/reactivity@3.5.43", "", { "dependencies": { "@vue/shared": "3.5.43" } }, "sha512-G/c9GyOZNI2jVaaS6OX1EF1SSFSv7H0ERqNTl4+DTFMlZmB5eVAB53aLQNam/7NL2NPtaDD7RdVrzf8uJzMuOA=="],

    "@vue/runtime-core": ["@vue/runtime-core@3.5.43", "", { "dependencies": { "@vue/reactivity": "3.5.43", "@vue/shared": "3.5.43" } }, "sha512-hU6U6VnVhBGQDpvlnnDlIB8ZGJBiOcgk2lh/0InltHiz3D8oSkluvuvY+do1G2H3+udeKFsmaBlgVYP7gXQzEw=="],

    "@vue/runtime-dom": ["@vue/runtime-dom@3.5.43", "", { "dependencies": { "@vue/reactivity": "3.5.43", "@vue/runtime-core": "3.5.43", "@vue/shared": "3.5.43", "csstype": "^3.2.3" } }, "sha512-Bb2Jc0YjjJdMt1SJmb9b2L/IWd3I8lIT9x9eS/xvvP9CiVgna0ffua74xKRmt4/uSJ+0r4iN8ex1jrqkhQGWQw=="],

    "@vue/server-renderer": ["@vue/server-renderer@3.5.43", "", { "dependencies": { "@vue/compiler-ssr": "3.5.43", "@vue/runtime-dom": "3.5.43", "@vue/shared": "3.5.43" } }, "sha512-l2Ygjv9NehV94PSBxNWsAHC0j/eIIKbn92mBuWXAPGLnn6HfJ6MH5ubsd+Nk0YoZ5FRuxWI1P2VSoh+dbPQhCQ=="],

    "@vue/shared": ["@vue/shared@3.5.43", "", {}, "sha512-uksS7YGMR5NZyr4JNq0Rp+QyLns0ueaz20KwzIPW9R0LH1Vnt4E+XUM29PNseEbf1www2gOuhuDi5AKOIXag9Q=="],

    "ansi-regex": ["ansi-regex@6.2.2", "", {}, "sha512-Bq3SmSpyFHaWjPk8If9yc6svM8c56dB5BAtW4Qbw5jHTwwXXcTLoRMkpDJp6VL0XzlWaCHTXrkFURMYmD0sLqg=="],

    "ansi-styles": ["ansi-styles@6.2.3", "", {}, "sha512-4Dj6M28JB+oAH8kFkTLUo+a2jwOFkuqb3yucU0CANcRRUbxS0cP0nZYCGjcc3BNXwRIsUVmDGgzawme7zvJHvg=="],

    "argparse": ["argparse@2.0.1", "", {}, "sha512-8+9WqebbFzpX9OR+Wa6O29asIogeRMzcGtAINdpMHHyAg10f05aSFVBbcEqGf/PXw1EjAZ+q2/bEBg3DvurK3Q=="],

    "bail": ["bail@2.0.2", "", {}, "sha512-0xO6mYd7JB2YesxDKplafRpsiOzPt9V02ddPCLbY1xYGPOX24NTyN50qnUxgCPcSoYMhKpAuBTjQoRZCAkUDRw=="],

    "birpc": ["birpc@2.9.0", "", {}, "sha512-KrayHS5pBi69Xi9JmvoqrIgYGDkD6mcSe/i6YKi3w5kekCLzrX4+nawcXqrj2tIp50Kw/mT/s3p+GVK0A0sKxw=="],

    "bun-types": ["bun-types@1.3.14", "", { "dependencies": { "@types/node": "*" } }, "sha512-4N0ig0fEomHt5R0KCFWjovxow98rIoRwKolrYdCcknNwMekCXRnWEUvgu5soYV8QXtVsrUD8B95MBOZGPvr6KQ=="],

    "cjs-module-lexer": ["cjs-module-lexer@2.2.1", "", {}, "sha512-Ca8swihM+/4yKecYHY52kgJd300hi2lADU/a1RxNTRe+RJ9jvqQlESpbz9DnG9mowez8qwXHB8qYdIUw9e+F5Q=="],

    "cliui": ["cliui@9.0.1", "", { "dependencies": { "string-width": "^7.2.0", "strip-ansi": "^7.1.0", "wrap-ansi": "^9.0.0" } }, "sha512-k7ndgKhwoQveBL+/1tqGJYNz097I7WOvwbmmU2AR5+magtbjPWQTS1C5vzGkBC8Ym8UWRzfKUzUUqFLypY4Q+w=="],

    "commander": ["commander@8.3.0", "", {}, "sha512-OkTL9umf+He2DZkUq8f8J9of7yL6RJKI24dVITBmNfZBmri9zYZQrKkuXiKhyfPSu8tUhnVBB1iKXevvnlR4Ww=="],

    "copy-anything": ["copy-anything@4.1.2", "", {}, "sha512-BCcj+KrMmRisei4xxFKJDWIpUmuDA4S02vrkaozhgF0FZLd+rNLbGZ1lXmVillt/dTGmkjIJ9xWnlP+T+4x40w=="],

    "csstype": ["csstype@3.2.3", "", {}, "sha512-z1HGKcYy2xA8AGQfwrn0PAy+PB7X/GSj3UVJW9qKyn43xWa+gl5nXmU4qqLMRzWVLFC8KusUX8T/0kCiOYpAIQ=="],

    "debug": ["debug@4.4.3", "", { "dependencies": { "ms": "^2.1.3" }, "peerDependencies": { "supports-color": "*" }, "optionalPeers": ["supports-color"] }, "sha512-RGwwWnwQvkVfavKVt22FGLw+xYSdzARwm0ru6DhTVA3umU5hZc28V3kO4stgYryrTlLpuvgI9GiijltAjNbcqA=="],

    "discontinuous-range": ["discontinuous-range@1.0.0", "", {}, "sha512-c68LpLbO+7kP/b1Hr1qs8/BJ09F5khZGTxqxZuhzxpmwJKOgRFHJWIb9/KmqnqHhLdO55aOxFH/EGBvUQbL/RQ=="],

    "emoji-regex": ["emoji-regex@10.6.0", "", {}, "sha512-toUI84YS5YmxW219erniWD0CIVOo46xGKColeNQRgOzDorgBi1v4D71/OFzgD9GO2UGKIv1C3Sp8DAn0+j5w7A=="],

    "entities": ["entities@4.5.0", "", {}, "sha512-V0hjH4dGPh9Ao5p0MoRY6BVqtwCjhz6vI5LT8AJ55H+4g9/4vbHx1I54fS0XuclLhDHArPQCiMjDxjaL8fPxhw=="],

    "es-module-lexer": ["es-module-lexer@3.0.2", "", {}, "sha512-BuIB67FngDSyQ/dpQNOZybwdEBDUGJQvOqwWr4ha/ufYiqzuEwPkKO2zLhRAgay28tStRIHUeWmszZAJo3GCOg=="],

    "escalade": ["escalade@3.2.0", "", {}, "sha512-WUj2qlxaQtO4g6Pq5c29GTcWGDyd8itL8zTlipgECz3JesAiiOKotd8JU6otB3PACgG6xkJUyVhboMS+bje/jA=="],

    "estree-walker": ["estree-walker@2.0.2", "", {}, "sha512-Rfkk/Mp/DL7JVje3u18FxFujQlTNR2q6QfMSMB7AvCBx91NGj/ba3kCfza0f6dVDbw7YlRf/nDrn7pQrCCyQ/w=="],

    "extend": ["extend@3.0.2", "", {}, "sha512-fjquC59cD7CyW6urNXK0FBufkZcoiGG80wTuPujX590cB5Ttln20E2UB4S/WARVqhXffZl2LNgS+gQdPIIim/g=="],

    "get-caller-file": ["get-caller-file@2.0.5", "", {}, "sha512-DyFP3BM/3YHTQOCUL/w0OZHR0lpKeGrxotcHWcqNEdnltqFwXVfhEBQ94eIo34AfQpo0rGki4cyIiftY06h2Fg=="],

    "get-east-asian-width": ["get-east-asian-width@1.6.0", "", {}, "sha512-QRbvDIbx6YklUe6RxeTeleMR0yv3cYH6PsPZHcnVn7xv7zO1BHN8r0XETu8n6Ye3Q+ahtSarc3WgtNWmehIBfA=="],

    "hookable": ["hookable@5.5.3", "", {}, "sha512-Yc+BQe8SvoXH1643Qez1zqLRmbA5rCL+sSmk6TVos0LWVfNIB7PGncdlId77WzLGSIB5KaWgTaNTs2lNVEI6VQ=="],

    "i": ["i@0.3.7", "", {}, "sha512-FYz4wlXgkQwIPqhzC5TdNMLSE5+GS1IIDJZY/1ZiEPCT2S3COUVZeT5OW4BmW4r5LHLQuOosSwsvnroG9GR59Q=="],

    "import-in-the-middle": ["import-in-the-middle@3.5.1", "", { "dependencies": { "cjs-module-lexer": "^2.2.0", "es-module-lexer": "^3.0.2", "module-details-from-path": "^1.0.4" } }, "sha512-mPKuL8bPQzecui2KK6Gb+M8JvJoHnhS1FeYGa22QopBmlevF5F0FE6ued/B5EgHDeIoMTONIpDWWFKUPOG0DBQ=="],

    "is-buffer": ["is-buffer@2.0.5", "", {}, "sha512-i2R6zNFDwgEHJyQUtJEk0XFi1i0dPFn/oqjK3/vPCcDeJvW5NQ83V8QbicfF1SupOaB0h8ntgBC2YiE7dfyctQ=="],

    "is-plain-obj": ["is-plain-obj@4.1.0", "", {}, "sha512-+Pgi+vMuUNkJyExiMBt5IlFoMyKnr5zhJ4Uspz58WOhBF5QoIZkFyNHIbBAtHwzVAgk5RtndVNsDRN61/mmDqg=="],

    "just-permutations": ["just-permutations@2.2.1", "", {}, "sha512-J2W9djsAsl346A9H41H/S8VXfnPjxZSFfBbAsZRbtFUQTpfmGBGJLWNeZgoDtzBw+ZaN7WF/DOsAJ+V/e6P5cQ=="],

    "katex": ["katex@0.17.0", "", { "dependencies": { "commander": "^8.3.0" }, "bin": { "katex": "cli.js" } }, "sha512-Vdw0ATsQ9V+LuegM/BTwQqV/6cTl5lbGcIrU+BCgLxyf6bo38ybOr372tuSIxir3CN720flu1meYR6XzNMwQnw=="],

    "latere-ui": ["latere-ui@github:latere-ai/latere-ui#ab8cc42", { "dependencies": { "@opentelemetry/api": "1.9.1", "@opentelemetry/exporter-trace-otlp-http": "0.218.0", "@opentelemetry/instrumentation": "0.218.0", "@opentelemetry/instrumentation-document-load": "0.63.0", "@opentelemetry/instrumentation-fetch": "0.218.0", "@opentelemetry/instrumentation-xml-http-request": "0.218.0", "@opentelemetry/resources": "2.7.1", "@opentelemetry/sdk-trace-web": "2.7.1", "@opentelemetry/semantic-conventions": "1.43.0", "web-vitals": "6.2.2" }, "peerDependencies": { "pinia": "^2.2.0 || ^3.0.0", "react": "^18.0.0 || ^19.0.0", "react-dom": "^18.0.0 || ^19.0.0", "vue": "^3.5.0" }, "optionalPeers": ["react", "react-dom"] }, "latere-ai-latere-ui-ab8cc42", "sha512-/DDear8a7u4g47Lz+gjxb+A+Ela1UKdgM0EC/zRCDkkD1Io2PgouhZerPBiW+hGv+gQWA47PInIByNRVn9kCHw=="],

    "linkify-it": ["linkify-it@5.0.1", "", { "dependencies": { "uc.micro": "^2.0.0" } }, "sha512-wVoTjP4Q6R0NW5hiZkVJaFZPWgtXfoGF+6LucL3/FtiNjmcHhYjEr5f1Kqjirc1nBW07J/ZuRFumqr2oqccEWg=="],

    "lodash.merge": ["lodash.merge@4.6.2", "", {}, "sha512-0KpjqXRVvrYyCsX1swR/XTK0va6VQkQM6MNo7PqW77ByjAhoARA8EfrP1N4+KlKj8YS0ZUCtRT/YUuhyYDujIQ=="],

    "magic-string": ["magic-string@0.30.21", "", { "dependencies": { "@jridgewell/sourcemap-codec": "^1.5.5" } }, "sha512-vd2F4YUyEXKGcLHoq+TEyCjxueSeHnFxyyjNp80yg0XV4vUhnDer/lvvlqM/arB5bXQN5K2/3oinyCRyx8T2CQ=="],

    "markdown-it": ["markdown-it@14.2.0", "", { "dependencies": { "argparse": "^2.0.1", "entities": "^4.4.0", "linkify-it": "^5.0.1", "mdurl": "^2.0.0", "punycode.js": "^2.3.1", "uc.micro": "^2.1.0" }, "bin": { "markdown-it": "bin/markdown-it.mjs" } }, "sha512-1TGiQiJVRQ3NPmZH6sx5Cfnmg6GQm9jvC1ch4TK511NjSJvjzKLzn5pPfZRNZkRPZP0HqCioSndqH8v2nRaWVQ=="],

    "markdown-it-attrs": ["markdown-it-attrs@5.0.0", "", { "peerDependencies": { "markdown-it": ">= 9.0.0" } }, "sha512-7Wvp3Fc1YsHsj1oRKli1DGAMyGhozldtU99wEl4plc6OBsv1WZB+zT3Lgm1/49rVMvXWiYXbUU8rz3X6VVGKaQ=="],

    "mdurl": ["mdurl@2.0.0", "", {}, "sha512-Lf+9+2r+Tdp5wXDXC4PcIBjTDtq4UKjCPMQhKIuzpJNW0b96kVqSwW0bT7FhRSfmAiFYgP+SCRvdrDozfh0U5w=="],

    "mitt": ["mitt@3.0.1", "", {}, "sha512-vKivATfr97l2/QBCYAkXYDbrIWPM2IIKEl7YPhjCvKlG3kE2gm+uBo6nEXK3M5/Ffh/FLpKExzOQ3JJoJGFKBw=="],

    "module-details-from-path": ["module-details-from-path@1.0.4", "", {}, "sha512-EGWKgxALGMgzvxYF1UyGTy0HXX/2vHLkw6+NvDKW2jypWbHpjQuj4UMcqQWXHERJhVGKikolT06G3bcKe4fi7w=="],

    "moo": ["moo@0.5.3", "", {}, "sha512-m2fmM2dDm7GZQsY7KK2cme8agi+AAljILjQnof7p1ZMDe6dQ4bdnSMx0cPppudoeNv5hEFQirN6u+O4fDE0IWA=="],

    "ms": ["ms@2.1.3", "", {}, "sha512-6FlzubTLZG3J2a/NVCAleEhjzq5oxgHyaCU9yYXvcLsvoVaHJq/s5xXI6/XXP6tz7R9xAOtHnSO/tXtF3WRTlA=="],

    "nanoid": ["nanoid@3.3.19", "", { "bin": { "nanoid": "bin/nanoid.cjs" } }, "sha512-Y2tUNy4ouw6tq5oDSKeQYGOyhkUBhNOcGV/02KC+6kd9eDGqdZd++mjMiIDilrBYvjEnCYvVtsuHCuP+okSfug=="],

    "nearley": ["nearley@2.20.1", "", { "dependencies": { "commander": "^2.19.0", "moo": "^0.5.0", "railroad-diagrams": "^1.0.0", "randexp": "0.4.6" }, "bin": { "nearleyc": "bin/nearleyc.js", "nearley-test": "bin/nearley-test.js", "nearley-unparse": "bin/nearley-unparse.js", "nearley-railroad": "bin/nearley-railroad.js" } }, "sha512-+Mc8UaAebFzgV+KpI5n7DasuuQCHA89dmwm7JXw3TV43ukfNQ9DnBH3Mdb2g/I4Fdxc26pwimBWvjIw0UAILSQ=="],

    "perfect-debounce": ["perfect-debounce@1.0.0", "", {}, "sha512-xCy9V055GLEqoFaHoC1SoLIaLmWctgCUaBaWxDZ7/Zx4CTyX7cJQLJOok/orfjZAh9kEYpjJa4d0KcJmCbctZA=="],

    "picocolors": ["picocolors@1.1.1", "", {}, "sha512-xceH2snhtb5M9liqDsmEw56le376mTZkEX/jEb/RxNFyegNul7eNslCXP9FDj/Lcu0X8KEyMceP2ntpaHrDEVA=="],

    "pinia": ["pinia@3.0.4", "", { "dependencies": { "@vue/devtools-api": "^7.7.7" }, "peerDependencies": { "typescript": ">=4.5.0", "vue": "^3.5.11" }, "optionalPeers": ["typescript"] }, "sha512-l7pqLUFTI/+ESXn6k3nu30ZIzW5E2WZF/LaHJEpoq6ElcLD+wduZoB2kBN19du6K/4FDpPMazY2wJr+IndBtQw=="],

    "pinyin-pro": ["pinyin-pro@3.28.1", "", {}, "sha512-oqz8ulwRgtUXRi0vbqEfGNly19zpyCxYrjhkk5TibGcgSW6eNwS5woajCXRwqURi8Ehc2yOFTiB4uNoZ+NJOnA=="],

    "postcss": ["postcss@8.5.28", "", { "dependencies": { "nanoid": "^3.3.18", "picocolors": "^1.1.1", "source-map-js": "^1.2.1" } }, "sha512-RRuzqDtt5Y9h3quz5hWhK+TPnsmVs6WwSU6LkJMeY4HstUEDuYTG8UJSdawMRzmzAtV+KEoG8N3Qg2qLy5vM/A=="],

    "punycode.js": ["punycode.js@2.3.1", "", {}, "sha512-uxFIHU0YlHYhDQtV4R9J6a52SLx28BCjT+4ieh7IGbgwVJWO+km431c4yRlREUAsAmt/uMjQUyQHNEPf0M39CA=="],

    "railroad-diagrams": ["railroad-diagrams@1.0.0", "", {}, "sha512-cz93DjNeLY0idrCNOH6PviZGRN9GJhsdm9hpn1YCS879fj4W+x5IFJhhkRZcwVgMmFF7R82UA/7Oh+R8lLZg6A=="],

    "randexp": ["randexp@0.4.6", "", { "dependencies": { "discontinuous-range": "1.0.0", "ret": "~0.1.10" } }, "sha512-80WNmd9DA0tmZrw9qQa62GPPWfuXJknrmVmLcxvq4uZBdYqb1wYoKTmnlGUchvVWe0XiLupYkBoXVOxz3C8DYQ=="],

    "react": ["react@19.2.7", "", {}, "sha512-HNe9WslTbXmFK8o8cmwgAeJFSBvt1bPdHCVKtaaV+WlAN36mpT4hcRpwbf3fY56ar2oIXzsBpOAiIRHAdY0OlQ=="],

    "react-dom": ["react-dom@19.2.7", "", { "dependencies": { "scheduler": "^0.27.0" }, "peerDependencies": { "react": "^19.2.7" } }, "sha512-t0BRVXvbiE/o20Hfw669rLbMCDWtYZLvmJigy2f0MxsXF+71pxhR3xOkspmsO8h3ZlNzyibAmtCa3l4lYKk6gQ=="],

    "require-in-the-middle": ["require-in-the-middle@8.0.1", "", { "dependencies": { "debug": "^4.3.5", "module-details-from-path": "^1.0.3" } }, "sha512-QT7FVMXfWOYFbeRBF6nu+I6tr2Tf3u0q8RIEjNob/heKY/nh7drD/k7eeMFmSQgnTtCzLDcCu/XEnpW2wk4xCQ=="],

    "ret": ["ret@0.1.15", "", {}, "sha512-TTlYpa+OL+vMMNG24xSlQGEJ3B/RzEfUlLct7b5G/ytav+wPrplCpVMFuwzXbkecJrb6IYo1iFb0S9v37754mg=="],

    "rfdc": ["rfdc@1.4.1", "", {}, "sha512-q1b3N5QkRUWUl7iyylaaj3kOpIT0N2i9MqIEQXP73GVsN9cw3fdx8X63cEmWhJGi2PPCF23Ijp7ktmd39rawIA=="],

    "scheduler": ["scheduler@0.27.0", "", {}, "sha512-eNv+WrVbKu1f3vbYJT/xtiF5syA5HPIMtf9IgY/nKg0sWqzAUEvqY/xm7OcZc/qafLx/iO9FgOmeSAp4v5ti/Q=="],

    "source-map-js": ["source-map-js@1.2.1", "", {}, "sha512-UXWMKhLOwVKb728IUtQPXxfYU+usdybtUrK/8uGE8CQMvrhOpwvzDBwj0QhSL7MQc7vIsISBG8VQ8+IDQxpfQA=="],

    "speakingurl": ["speakingurl@14.0.1", "", {}, "sha512-1POYv7uv2gXoyGFpBCmpDVSNV74IfsWlDW216UPjbWufNf+bSU6GdbDsxdcxtfwb4xlI3yxzOTKClUosxARYrQ=="],

    "string-width": ["string-width@7.2.0", "", { "dependencies": { "emoji-regex": "^10.3.0", "get-east-asian-width": "^1.0.0", "strip-ansi": "^7.1.0" } }, "sha512-tsaTIkKW9b4N+AEj+SVA+WhJzV7/zMhcSu78mLKWSk7cXMOSHsBKFWUs0fWwq8QyK3MgJBQRX6Gbi4kYbdvGkQ=="],

    "strip-ansi": ["strip-ansi@7.2.0", "", { "dependencies": { "ansi-regex": "^6.2.2" } }, "sha512-yDPMNjp4WyfYBkHnjIRLfca1i6KMyGCtsVgoKe/z1+6vukgaENdgGBZt+ZmKPc4gavvEZ5OgHfHdrazhgNyG7w=="],

    "superjson": ["superjson@2.2.6", "", { "dependencies": { "copy-anything": "^4" } }, "sha512-H+ue8Zo4vJmV2nRjpx86P35lzwDT3nItnIsocgumgr0hHMQ+ZGq5vrERg9kJBo5AWGmxZDhzDo+WVIJqkB0cGA=="],

    "tiny-merge-patch": ["tiny-merge-patch@1.0.0", "", {}, "sha512-NR7dpqibfxA1uHaFJn5YXViH7REa0wPcZh8MLFrEn9OvDWyIY9YyyKHHmFBE66ER18CQwJ+VGknsQbgiBtL8Uw=="],

    "trough": ["trough@2.2.0", "", {}, "sha512-tmMpK00BjZiUyVyvrBK7knerNgmgvcV/KLVyuma/SC+TQN167GrMRciANTz09+k3zW8L8t60jWO1GpfkZdjTaw=="],

    "typescript": ["typescript@5.9.3", "", { "bin": { "tsc": "bin/tsc", "tsserver": "bin/tsserver" } }, "sha512-jl1vZzPDinLr9eUt3J/t7V6FgNEw9QjvBPdysz9KfQDD41fQrC2Y4vKQdiaUpFT4bXlb1RHhLpp8wtm6M5TgSw=="],

    "uc.micro": ["uc.micro@2.1.0", "", {}, "sha512-ARDJmphmdvUk6Glw7y9DQ2bFkKBHwQHLi2lsaH6PPmz/Ka9sFOBsBluozhDltWmnv9u/cF6Rt87znRTPV+yp/A=="],

    "undici-types": ["undici-types@8.3.0", "", {}, "sha512-j375ScV60dom+YkPFIfTLcOiPxkN/buHz5GobjLhixFuANaNs3C9l4GmrWqejgXWJ7BbJcFYpTEUkS1Ge8bpZQ=="],

    "unicode2latex": ["unicode2latex@7.0.33", "", { "dependencies": { "@pomgui/deep": "^3.0.3", "just-permutations": "^2.2.1", "tiny-merge-patch": "^1.0.0" } }, "sha512-Yk9tXwI/EVoLJzqAJfJpoUsY9ti5NV1aI2YpH4cg/n0q6Hj3Hnt/uT1nU27AqQFIgVpiT9SsNnAe56eTWuM/3g=="],

    "unified": ["unified@10.1.2", "", { "dependencies": { "@types/unist": "^2.0.0", "bail": "^2.0.0", "extend": "^3.0.0", "is-buffer": "^2.0.0", "is-plain-obj": "^4.0.0", "trough": "^2.0.0", "vfile": "^5.0.0" } }, "sha512-pUSWAi/RAnVy1Pif2kAoeWNBa3JVrx0MId2LASj8G+7AiHWoKZNTomq6LG326T68U7/e263X6fTdcXIy7XnF7Q=="],

    "unist-util-stringify-position": ["unist-util-stringify-position@3.0.3", "", { "dependencies": { "@types/unist": "^2.0.0" } }, "sha512-k5GzIBZ/QatR8N5X2y+drfpWG8IDBzdnVj6OInRNWm1oXrzydiaAT2OQiA8DPRRZyAKb9b6I2a6PxYklZD0gKg=="],

    "vfile": ["vfile@5.3.7", "", { "dependencies": { "@types/unist": "^2.0.0", "is-buffer": "^2.0.0", "unist-util-stringify-position": "^3.0.0", "vfile-message": "^3.0.0" } }, "sha512-r7qlzkgErKjobAmyNIkkSpizsFPYiUPuJb5pNW1RB4JcYVZhs4lIbVqk8XPk033CV/1z8ss5pkax8SuhGpcG8g=="],

    "vfile-message": ["vfile-message@3.1.4", "", { "dependencies": { "@types/unist": "^2.0.0", "unist-util-stringify-position": "^3.0.0" } }, "sha512-fa0Z6P8HUrQN4BZaX05SIVXic+7kE3b05PWAtPuYP9QLHsLKYR7/AlLW3NtOrpXRLeawpDLMsVkmk5DG0NXgWw=="],

    "vue": ["vue@3.5.43", "", { "dependencies": { "@vue/compiler-dom": "3.5.43", "@vue/compiler-sfc": "3.5.43", "@vue/runtime-dom": "3.5.43", "@vue/server-renderer": "3.5.43", "@vue/shared": "3.5.43" }, "peerDependencies": { "typescript": "*" }, "optionalPeers": ["typescript"] }, "sha512-o5qZoksdnjIKvW1srZ3ab7pcDNYAerBjRe54D0LBLfRdCYFrSgBHVXokMas35czQc0//lmx4/tuY4ZNQ+Rf2Ng=="],

    "web-vitals": ["web-vitals@6.2.2", "", {}, "sha512-oto5x6dLEgrRqfcWed+pZEUb2q6ikbFmqF54CRDhI/QGbn+qxC49b4C4OkbH+kb9C3a8shpFD3SgR9kRcs80ZQ=="],

    "wink-eng-lite-web-model": ["wink-eng-lite-web-model@1.8.1", "", {}, "sha512-M2tSOU/rVNkDj8AS8IoKJaM7apJJjS0cN+hE8CPazfnB4A/ojyc9+7RMPk18UOiIdSyWk7MR6w8z9lWix2l5tA=="],

    "wink-nlp": ["wink-nlp@2.4.0", "", {}, "sha512-d02inlNJL0LLNTLoYfkxZYGrqnYDSZV4HI4WpeuyIEfpu7UcUqUW1ZYWr+JTFm4ZR6dQdzOW/FtHEQRO+o/zzA=="],

    "wrap-ansi": ["wrap-ansi@9.0.2", "", { "dependencies": { "ansi-styles": "^6.2.1", "string-width": "^7.0.0", "strip-ansi": "^7.1.0" } }, "sha512-42AtmgqjV+X1VpdOfyTGOYRi0/zsoLqtXQckTmqTeybT+BDIbM/Guxo7x3pE2vtpr1ok6xRqM9OpBe+Jyoqyww=="],

    "y18n": ["y18n@5.0.8", "", {}, "sha512-0pfFzegeDWJHJIAmTLRP2DwHjdF5s7jo9tuztdQxAhINCdvS+3nGINqPd00AphqJR/0LhANUS6/+7SCb98YOfA=="],

    "yaml": ["yaml@2.9.0", "", { "bin": { "yaml": "bin.mjs" } }, "sha512-2AvhNX3mb8zd6Zy7INTtSpl1F15HW6Wnqj0srWlkKLcpYl/gMIMJiyuGq2KeI2YFxUPjdlB+3Lc10seMLtL4cA=="],

    "yargs": ["yargs@18.0.0", "", { "dependencies": { "cliui": "^9.0.1", "escalade": "^3.1.1", "get-caller-file": "^2.0.5", "string-width": "^7.2.0", "y18n": "^5.0.5", "yargs-parser": "^22.0.0" } }, "sha512-4UEqdc2RYGHZc7Doyqkrqiln3p9X2DZVxaGbwhn2pi7MrRagKaOcIKe8L3OxYcbhXLgLFUS3zAYuQjKBQgmuNg=="],

    "yargs-parser": ["yargs-parser@22.0.0", "", {}, "sha512-rwu/ClNdSMpkSrUb+d6BRsSkLUq1fmfsY6TOpYzTwvwkg1/NRG85KBy3kq++A8LKQwX6lsu+aWad+2khvuXrqw=="],

    "@mdit/plugin-katex/katex": ["katex@0.16.47", "", { "dependencies": { "commander": "^8.3.0" }, "bin": { "katex": "cli.js" } }, "sha512-Eeo8Ys1doU1z+x8AZsPpQu+p/QcZBI5PeOo7QGQdy2x2m0MU/hYagBbGOmXwr5KVbEfVuWv9LpnQWeehogurjg=="],

    "@vue/compiler-core/entities": ["entities@7.0.1", "", {}, "sha512-TWrgLOFUQTH994YUyl1yT4uyavY5nNB5muff+RtWaqNVCAK408b5ZnnbNAUEWLTCpum9w6arT70i1XdQ4UeOPA=="],

    "nearley/commander": ["commander@2.20.3", "", {}, "sha512-GpVkmM8vF2vQUkj2LvZmD35JxeJOLCwJ9cUkugyk2nuhbv3+mJvpLYYt+0+USMxE+oj+ey/lJEnhZw75x/OMcQ=="],
  }
}
